
Microsoft Visual Studio Solution File, Format Version 12.00
# Visual Studio 15
VisualStudioVersion = 15.0.27130.2026
MinimumVisualStudioVersion = 10.0.40219.1
Project("{FAE04EC0-301F-11D3-BF4B-00C04F79EFBC}") = "XamFormsEx.Android", "XamFormsEx\XamFormsEx.Android\XamFormsEx.Android.csproj", "{EA87B9C0-C366-412C-82C8-4E624A51E807}"
EndProject
Project("{FAE04EC0-301F-11D3-BF4B-00C04F79EFBC}") = "XamFormsEx.iOS", "XamFormsEx\XamFormsEx.iOS\XamFormsEx.iOS.csproj", "{DFAAE1E1-9A3B-4184-9859-F25881296945}"
EndProject
Project("{FAE04EC0-301F-11D3-BF4B-00C04F79EFBC}") = "XamFormsEx.UWP", "XamFormsEx\XamFormsEx.UWP\XamFormsEx.UWP.csproj", "{D6D37FC1-1A27-42D8-A01A-80B54D145F6C}"
EndProject
Project("{FAE04EC0-301F-11D3-BF4B-00C04F79EFBC}") = "XamFormsEx", "XamFormsEx\XamFormsEx\XamFormsEx.csproj", "{15A226E3-EB30-49B6-8A28-87E13CBF46F2}"
EndProject
Global
	GlobalSection(SolutionConfigurationPlatforms) = preSolution
		Ad-Hoc|Any CPU = Ad-Hoc|Any CPU
		Ad-Hoc|ARM = Ad-Hoc|ARM
		Ad-Hoc|iPhone = Ad-Hoc|iPhone
		Ad-Hoc|iPhoneSimulator = Ad-Hoc|iPhoneSimulator
		Ad-Hoc|x64 = Ad-Hoc|x64
		Ad-Hoc|x86 = Ad-Hoc|x86
		AppStore|Any CPU = AppStore|Any CPU
		AppStore|ARM = AppStore|ARM
		AppStore|iPhone = AppStore|iPhone
		AppStore|iPhoneSimulator = AppStore|iPhoneSimulator
		AppStore|x64 = AppStore|x64
		AppStore|x86 = AppStore|x86
		Debug|Any CPU = Debug|Any CPU
		Debug|ARM = Debug|ARM
		Debug|iPhone = Debug|iPhone
		Debug|iPhoneSimulator = Debug|iPhoneSimulator
		Debug|x64 = Debug|x64
		Debug|x86 = Debug|x86
		Release|Any CPU = Release|Any CPU
		Release|ARM = Release|ARM
		Release|iPhone = Release|iPhone
		Release|iPhoneSimulator = Release|iPhoneSimulator
		Release|x64 = Release|x64
		Release|x86 = Release|x86
	EndGlobalSection
	GlobalSection(ProjectConfigurationPlatforms) = postSolution
		{EA87B9C0-C366-412C-82C8-4E624A51E807}.Ad-Hoc|Any CPU.ActiveCfg = Release|Any CPU
		{EA87B9C0-C366-412C-82C8-4E624A51E807}.Ad-Hoc|Any CPU.Build.0 = Release|Any CPU
		{EA87B9C0-C366-412C-82C8-4E624A51E807}.Ad-Hoc|Any CPU.Deploy.0 = Release|Any CPU
		{EA87B9C0-C366-412C-82C8-4E624A51E807}.Ad-Hoc|ARM.ActiveCfg = Release|Any CPU
		{EA87B9C0-C366-412C-82C8-4E624A51E807}.Ad-Hoc|ARM.Build.0 = Release|Any CPU
		{EA87B9C0-C366-412C-82C8-4E624A51E807}.Ad-Hoc|ARM.Deploy.0 = Release|Any CPU
		{EA87B9C0-C366-412C-82C8-4E624A51E807}.Ad-Hoc|iPhone.ActiveCfg = Release|Any CPU
		{EA87B9C0-C366-412C-82C8-4E624A51E807}.Ad-Hoc|iPhone.Build.0 = Release|Any CPU
		{EA87B9C0-C366-412C-82C8-4E624A51E807}.Ad-Hoc|iPhone.Deploy.0 = Release|Any CPU
		{EA87B9C0-C366-412C-82C8-4E624A51E807}.Ad-Hoc|iPhoneSimulator.ActiveCfg = Release|Any CPU
		{EA87B9C0-C366-412C-82C8-4E624A51E807}.Ad-Hoc|iPhoneSimulator.Build.0 = Release|Any CPU
		{EA87B9C0-C366-412C-82C8-4E624A51E807}.Ad-Hoc|iPhoneSimulator.Deploy.0 = Release|Any CPU
		{EA87B9C0-C366-412C-82C8-4E624A51E807}.Ad-Hoc|x64.ActiveCfg = Release|Any CPU
		{EA87B9C0-C366-412C-82C8-4E624A51E807}.Ad-Hoc|x64.Build.0 = Release|Any CPU
		{EA87B9C0-C366-412C-82C8-4E624A51E807}.Ad-Hoc|x64.Deploy.0 = Release|Any CPU
		{EA87B9C0-C366-412C-82C8-4E624A51E807}.Ad-Hoc|x86.ActiveCfg = Release|Any CPU
		{EA87B9C0-C366-412C-82C8-4E624A51E807}.Ad-Hoc|x86.Build.0 = Release|Any CPU
		{EA87B9C0-C366-412C-82C8-4E624A51E807}.Ad-Hoc|x86.Deploy.0 = Release|Any CPU
		{EA87B9C0-C366-412C-82C8-4E624A51E807}.AppStore|Any CPU.ActiveCfg = Release|Any CPU
		{EA87B9C0-C366-412C-82C8-4E624A51E807}.AppStore|Any CPU.Build.0 = Release|Any CPU
		{EA87B9C0-C366-412C-82C8-4E624A51E807}.AppStore|Any CPU.Deploy.0 = Release|Any CPU
		{EA87B9C0-C366-412C-82C8-4E624A51E807}.AppStore|ARM.ActiveCfg = Release|Any CPU
		{EA87B9C0-C366-412C-82C8-4E624A51E807}.AppStore|ARM.Build.0 = Release|Any CPU
		{EA87B9C0-C366-412C-82C8-4E624A51E807}.AppStore|ARM.Deploy.0 = Release|Any CPU
		{EA87B9C0-C366-412C-82C8-4E624A51E807}.AppStore|iPhone.ActiveCfg = Release|Any CPU
		{EA87B9C0-C366-412C-82C8-4E624A51E807}.AppStore|iPhone.Build.0 = Release|Any CPU
		{EA87B9C0-C366-412C-82C8-4E624A51E807}.AppStore|iPhone.Deploy.0 = Release|Any CPU
		{EA87B9C0-C366-412C-82C8-4E624A51E807}.AppStore|iPhoneSimulator.ActiveCfg = Release|Any CPU
		{EA87B9C0-C366-412C-82C8-4E624A51E807}.AppStore|iPhoneSimulator.Build.0 = Release|Any CPU
		{EA87B9C0-C366-412C-82C8-4E624A51E807}.AppStore|iPhoneSimulator.Deploy.0 = Release|Any CPU
		{EA87B9C0-C366-412C-82C8-4E624A51E807}.AppStore|x64.ActiveCfg = Release|Any CPU
		{EA87B9C0-C366-412C-82C8-4E624A51E807}.AppStore|x64.Build.0 = Release|Any CPU
		{EA87B9C0-C366-412C-82C8-4E624A51E807}.AppStore|x64.Deploy.0 = Release|Any CPU
		{EA87B9C0-C366-412C-82C8-4E624A51E807}.AppStore|x86.ActiveCfg = Release|Any CPU
		{EA87B9C0-C366-412C-82C8-4E624A51E807}.AppStore|x86.Build.0 = Release|Any CPU
		{EA87B9C0-C366-412C-82C8-4E624A51E807}.AppStore|x86.Deploy.0 = Release|Any CPU
		{EA87B9C0-C366-412C-82C8-4E624A51E807}.Debug|Any CPU.ActiveCfg = Debug|Any CPU
		{EA87B9C0-C366-412C-82C8-4E624A51E807}.Debug|Any CPU.Build.0 = Debug|Any CPU
		{EA87B9C0-C366-412C-82C8-4E624A51E807}.Debug|Any CPU.Deploy.0 = Debug|Any CPU
		{EA87B9C0-C366-412C-82C8-4E624A51E807}.Debug|ARM.ActiveCfg = Debug|Any CPU
		{EA87B9C0-C366-412C-82C8-4E624A51E807}.Debug|ARM.Build.0 = Debug|Any CPU
		{EA87B9C0-C366-412C-82C8-4E624A51E807}.Debug|ARM.Deploy.0 = Debug|Any CPU
		{EA87B9C0-C366-412C-82C8-4E624A51E807}.Debug|iPhone.ActiveCfg = Debug|Any CPU
		{EA87B9C0-C366-412C-82C8-4E624A51E807}.Debug|iPhone.Build.0 = Debug|Any CPU
		{EA87B9C0-C366-412C-82C8-4E624A51E807}.Debug|iPhone.Deploy.0 = Debug|Any CPU
		{EA87B9C0-C366-412C-82C8-4E624A51E807}.Debug|iPhoneSimulator.ActiveCfg = Debug|Any CPU
		{EA87B9C0-C366-412C-82C8-4E624A51E807}.Debug|iPhoneSimulator.Build.0 = Debug|Any CPU
		{EA87B9C0-C366-412C-82C8-4E624A51E807}.Debug|iPhoneSimulator.Deploy.0 = Debug|Any CPU
		{EA87B9C0-C366-412C-82C8-4E624A51E807}.Debug|x64.ActiveCfg = Debug|Any CPU
		{EA87B9C0-C366-412C-82C8-4E624A51E807}.Debug|x64.Build.0 = Debug|Any CPU
		{EA87B9C0-C366-412C-82C8-4E624A51E807}.Debug|x64.Deploy.0 = Debug|Any CPU
		{EA87B9C0-C366-412C-82C8-4E624A51E807}.Debug|x86.ActiveCfg = Debug|Any CPU
		{EA87B9C0-C366-412C-82C8-4E624A51E807}.Debug|x86.Build.0 = Debug|Any CPU
		{EA87B9C0-C366-412C-82C8-4E624A51E807}.Debug|x86.Deploy.0 = Debug|Any CPU
		{EA87B9C0-C366-412C-82C8-4E624A51E807}.Release|Any CPU.ActiveCfg = Release|Any CPU
		{EA87B9C0-C366-412C-82C8-4E624A51E807}.Release|Any CPU.Build.0 = Release|Any CPU
		{EA87B9C0-C366-412C-82C8-4E624A51E807}.Release|Any CPU.Deploy.0 = Release|Any CPU
		{EA87B9C0-C366-412C-82C8-4E624A51E807}.Release|ARM.ActiveCfg = Release|Any CPU
		{EA87B9C0-C366-412C-82C8-4E624A51E807}.Release|ARM.Build.0 = Release|Any CPU
		{EA87B9C0-C366-412C-82C8-4E624A51E807}.Release|ARM.Deploy.0 = Release|Any CPU
		{EA87B9C0-C366-412C-82C8-4E624A51E807}.Release|iPhone.ActiveCfg = Release|Any CPU
		{EA87B9C0-C366-412C-82C8-4E624A51E807}.Release|iPhone.Build.0 = Release|Any CPU
		{EA87B9C0-C366-412C-82C8-4E624A51E807}.Release|iPhone.Deploy.0 = Release|Any CPU
		{EA87B9C0-C366-412C-82C8-4E624A51E807}.Release|iPhoneSimulator.ActiveCfg = Release|Any CPU
		{EA87B9C0-C366-412C-82C8-4E624A51E807}.Release|iPhoneSimulator.Build.0 = Release|Any CPU
		{EA87B9C0-C366-412C-82C8-4E624A51E807}.Release|iPhoneSimulator.Deploy.0 = Release|Any CPU
		{EA87B9C0-C366-412C-82C8-4E624A51E807}.Release|x64.ActiveCfg = Release|Any CPU
		{EA87B9C0-C366-412C-82C8-4E624A51E807}.Release|x64.Build.0 = Release|Any CPU
		{EA87B9C0-C366-412C-82C8-4E624A51E807}.Release|x64.Deploy.0 = Release|Any CPU
		{EA87B9C0-C366-412C-82C8-4E624A51E807}.Release|x86.ActiveCfg = Release|Any CPU
		{EA87B9C0-C366-412C-82C8-4E624A51E807}.Release|x86.Build.0 = Release|Any CPU
		{EA87B9C0-C366-412C-82C8-4E624A51E807}.Release|x86.Deploy.0 = Release|Any CPU
		{DFAAE1E1-9A3B-4184-9859-F25881296945}.Ad-Hoc|Any CPU.ActiveCfg = Ad-Hoc|iPhone
		{DFAAE1E1-9A3B-4184-9859-F25881296945}.Ad-Hoc|ARM.ActiveCfg = Ad-Hoc|iPhone
		{DFAAE1E1-9A3B-4184-9859-F25881296945}.Ad-Hoc|iPhone.ActiveCfg = Ad-Hoc|iPhone
		{DFAAE1E1-9A3B-4184-9859-F25881296945}.Ad-Hoc|iPhone.Build.0 = Ad-Hoc|iPhone
		{DFAAE1E1-9A3B-4184-9859-F25881296945}.Ad-Hoc|iPhoneSimulator.ActiveCfg = Ad-Hoc|iPhoneSimulator
		{DFAAE1E1-9A3B-4184-9859-F25881296945}.Ad-Hoc|iPhoneSimulator.Build.0 = Ad-Hoc|iPhoneSimulator
		{DFAAE1E1-9A3B-4184-9859-F25881296945}.Ad-Hoc|x64.ActiveCfg = Ad-Hoc|iPhone
		{DFAAE1E1-9A3B-4184-9859-F25881296945}.Ad-Hoc|x86.ActiveCfg = Ad-Hoc|iPhone
		{DFAAE1E1-9A3B-4184-9859-F25881296945}.AppStore|Any CPU.ActiveCfg = AppStore|iPhone
		{DFAAE1E1-9A3B-4184-9859-F25881296945}.AppStore|ARM.ActiveCfg = AppStore|iPhone
		{DFAAE1E1-9A3B-4184-9859-F25881296945}.AppStore|iPhone.ActiveCfg = AppStore|iPhone
		{DFAAE1E1-9A3B-4184-9859-F25881296945}.AppStore|iPhone.Build.0 = AppStore|iPhone
		{DFAAE1E1-9A3B-4184-9859-F25881296945}.AppStore|iPhoneSimulator.ActiveCfg = AppStore|iPhoneSimulator
		{DFAAE1E1-9A3B-4184-9859-F25881296945}.AppStore|iPhoneSimulator.Build.0 = AppStore|iPhoneSimulator
		{DFAAE1E1-9A3B-4184-9859-F25881296945}.AppStore|x64.ActiveCfg = AppStore|iPhone
		{DFAAE1E1-9A3B-4184-9859-F25881296945}.AppStore|x86.ActiveCfg = AppStore|iPhone
		{DFAAE1E1-9A3B-4184-9859-F25881296945}.Debug|Any CPU.ActiveCfg = Debug|iPhone
		{DFAAE1E1-9A3B-4184-9859-F25881296945}.Debug|ARM.ActiveCfg = Debug|iPhone
		{DFAAE1E1-9A3B-4184-9859-F25881296945}.Debug|iPhone.ActiveCfg = Debug|iPhone
		{DFAAE1E1-9A3B-4184-9859-F25881296945}.Debug|iPhone.Build.0 = Debug|iPhone
		{DFAAE1E1-9A3B-4184-9859-F25881296945}.Debug|iPhoneSimulator.ActiveCfg = Debug|iPhoneSimulator
		{DFAAE1E1-9A3B-4184-9859-F25881296945}.Debug|iPhoneSimulator.Build.0 = Debug|iPhoneSimulator
		{DFAAE1E1-9A3B-4184-9859-F25881296945}.Debug|x64.ActiveCfg = Debug|iPhone
		{DFAAE1E1-9A3B-4184-9859-F25881296945}.Debug|x86.ActiveCfg = Debug|iPhone
		{DFAAE1E1-9A3B-4184-9859-F25881296945}.Release|Any CPU.ActiveCfg = Release|iPhone
		{DFAAE1E1-9A3B-4184-9859-F25881296945}.Release|ARM.ActiveCfg = Release|iPhone
		{DFAAE1E1-9A3B-4184-9859-F25881296945}.Release|iPhone.ActiveCfg = Release|iPhone
		{DFAAE1E1-9A3B-4184-9859-F25881296945}.Release|iPhone.Build.0 = Release|iPhone
		{DFAAE1E1-9A3B-4184-9859-F25881296945}.Release|iPhoneSimulator.ActiveCfg = Release|iPhoneSimulator
		{DFAAE1E1-9A3B-4184-9859-F25881296945}.Release|iPhoneSimulator.Build.0 = Release|iPhoneSimulator
		{DFAAE1E1-9A3B-4184-9859-F25881296945}.Release|x64.ActiveCfg = Release|iPhone
		{DFAAE1E1-9A3B-4184-9859-F25881296945}.Release|x86.ActiveCfg = Release|iPhone
		{D6D37FC1-1A27-42D8-A01A-80B54D145F6C}.Ad-Hoc|Any CPU.ActiveCfg = Release|x86
		{D6D37FC1-1A27-42D8-A01A-80B54D145F6C}.Ad-Hoc|Any CPU.Build.0 = Release|x86
		{D6D37FC1-1A27-42D8-A01A-80B54D145F6C}.Ad-Hoc|Any CPU.Deploy.0 = Release|x86
		{D6D37FC1-1A27-42D8-A01A-80B54D145F6C}.Ad-Hoc|ARM.ActiveCfg = Release|ARM
		{D6D37FC1-1A27-42D8-A01A-80B54D145F6C}.Ad-Hoc|ARM.Build.0 = Release|ARM
		{D6D37FC1-1A27-42D8-A01A-80B54D145F6C}.Ad-Hoc|ARM.Deploy.0 = Release|ARM
		{D6D37FC1-1A27-42D8-A01A-80B54D145F6C}.Ad-Hoc|iPhone.ActiveCfg = Release|x86
		{D6D37FC1-1A27-42D8-A01A-80B54D145F6C}.Ad-Hoc|iPhone.Build.0 = Release|x86
		{D6D37FC1-1A27-42D8-A01A-80B54D145F6C}.Ad-Hoc|iPhone.Deploy.0 = Release|x86
		{D6D37FC1-1A27-42D8-A01A-80B54D145F6C}.Ad-Hoc|iPhoneSimulator.ActiveCfg = Release|x86
		{D6D37FC1-1A27-42D8-A01A-80B54D145F6C}.Ad-Hoc|iPhoneSimulator.Build.0 = Release|x86
		{D6D37FC1-1A27-42D8-A01A-80B54D145F6C}.Ad-Hoc|iPhoneSimulator.Deploy.0 = Release|x86
		{D6D37FC1-1A27-42D8-A01A-80B54D145F6C}.Ad-Hoc|x64.ActiveCfg = Release|x64
		{D6D37FC1-1A27-42D8-A01A-80B54D145F6C}.Ad-Hoc|x64.Build.0 = Release|x64
		{D6D37FC1-1A27-42D8-A01A-80B54D145F6C}.Ad-Hoc|x64.Deploy.0 = Release|x64
		{D6D37FC1-1A27-42D8-A01A-80B54D145F6C}.Ad-Hoc|x86.ActiveCfg = Release|x86
		{D6D37FC1-1A27-42D8-A01A-80B54D145F6C}.Ad-Hoc|x86.Build.0 = Release|x86
		{D6D37FC1-1A27-42D8-A01A-80B54D145F6C}.Ad-Hoc|x86.Deploy.0 = Release|x86
		{D6D37FC1-1A27-42D8-A01A-80B54D145F6C}.AppStore|Any CPU.ActiveCfg = Release|x86
		{D6D37FC1-1A27-42D8-A01A-80B54D145F6C}.AppStore|Any CPU.Build.0 = Release|x86
		{D6D37FC1-1A27-42D8-A01A-80B54D145F6C}.AppStore|Any CPU.Deploy.0 = Release|x86
		{D6D37FC1-1A27-42D8-A01A-80B54D145F6C}.AppStore|ARM.ActiveCfg = Release|ARM
		{D6D37FC1-1A27-42D8-A01A-80B54D145F6C}.AppStore|ARM.Build.0 = Release|ARM
		{D6D37FC1-1A27-42D8-A01A-80B54D145F6C}.AppStore|ARM.Deploy.0 = Release|ARM
		{D6D37FC1-1A27-42D8-A01A-80B54D145F6C}.AppStore|iPhone.ActiveCfg = Release|x86
		{D6D37FC1-1A27-42D8-A01A-80B54D145F6C}.AppStore|iPhone.Build.0 = Release|x86
		{D6D37FC1-1A27-42D8-A01A-80B54D145F6C}.AppStore|iPhone.Deploy.0 = Release|x86
		{D6D37FC1-1A27-42D8-A01A-80B54D145F6C}.AppStore|iPhoneSimulator.ActiveCfg = Release|x86
		{D6D37FC1-1A27-42D8-A01A-80B54D145F6C}.AppStore|iPhoneSimulator.Build.0 = Release|x86
		{D6D37FC1-1A27-42D8-A01A-80B54D145F6C}.AppStore|iPhoneSimulator.Deploy.0 = Release|x86
		{D6D37FC1-1A27-42D8-A01A-80B54D145F6C}.AppStore|x64.ActiveCfg = Release|x64
		{D6D37FC1-1A27-42D8-A01A-80B54D145F6C}.AppStore|x64.Build.0 = Release|x64
		{D6D37FC1-1A27-42D8-A01A-80B54D145F6C}.AppStore|x64.Deploy.0 = Release|x64
		{D6D37FC1-1A27-42D8-A01A-80B54D145F6C}.AppStore|x86.ActiveCfg = Release|x86
		{D6D37FC1-1A27-42D8-A01A-80B54D145F6C}.AppStore|x86.Build.0 = Release|x86
		{D6D37FC1-1A27-42D8-A01A-80B54D145F6C}.AppStore|x86.Deploy.0 = Release|x86
		{D6D37FC1-1A27-42D8-A01A-80B54D145F6C}.Debug|Any CPU.ActiveCfg = Debug|x86
		{D6D37FC1-1A27-42D8-A01A-80B54D145F6C}.Debug|ARM.ActiveCfg = Debug|ARM
		{D6D37FC1-1A27-42D8-A01A-80B54D145F6C}.Debug|ARM.Build.0 = Debug|ARM
		{D6D37FC1-1A27-42D8-A01A-80B54D145F6C}.Debug|ARM.Deploy.0 = Debug|ARM
		{D6D37FC1-1A27-42D8-A01A-80B54D145F6C}.Debug|iPhone.ActiveCfg = Debug|x86
		{D6D37FC1-1A27-42D8-A01A-80B54D145F6C}.Debug|iPhoneSimulator.ActiveCfg = Debug|x86
		{D6D37FC1-1A27-42D8-A01A-80B54D145F6C}.Debug|x64.ActiveCfg = Debug|x64
		{D6D37FC1-1A27-42D8-A01A-80B54D145F6C}.Debug|x64.Build.0 = Debug|x64
		{D6D37FC1-1A27-42D8-A01A-80B54D145F6C}.Debug|x64.Deploy.0 = Debug|x64
		{D6D37FC1-1A27-42D8-A01A-80B54D145F6C}.Debug|x86.ActiveCfg = Debug|x86
		{D6D37FC1-1A27-42D8-A01A-80B54D145F6C}.Debug|x86.Build.0 = Debug|x86
		{D6D37FC1-1A27-42D8-A01A-80B54D145F6C}.Debug|x86.Deploy.0 = Debug|x86
		{D6D37FC1-1A27-42D8-A01A-80B54D145F6C}.Release|Any CPU.ActiveCfg = Release|x86
		{D6D37FC1-1A27-42D8-A01A-80B54D145F6C}.Release|ARM.ActiveCfg = Release|ARM
		{D6D37FC1-1A27-42D8-A01A-80B54D145F6C}.Release|ARM.Build.0 = Release|ARM
		{D6D37FC1-1A27-42D8-A01A-80B54D145F6C}.Release|ARM.Deploy.0 = Release|ARM
		{D6D37FC1-1A27-42D8-A01A-80B54D145F6C}.Release|iPhone.ActiveCfg = Release|x86
		{D6D37FC1-1A27-42D8-A01A-80B54D145F6C}.Release|iPhoneSimulator.ActiveCfg = Release|x86
		{D6D37FC1-1A27-42D8-A01A-80B54D145F6C}.Release|x64.ActiveCfg = Release|x64
		{D6D37FC1-1A27-42D8-A01A-80B54D145F6C}.Release|x64.Build.0 = Release|x64
		{D6D37FC1-1A27-42D8-A01A-80B54D145F6C}.Release|x64.Deploy.0 = Release|x64
		{D6D37FC1-1A27-42D8-A01A-80B54D145F6C}.Release|x86.ActiveCfg = Release|x86
		{D6D37FC1-1A27-42D8-A01A-80B54D145F6C}.Release|x86.Build.0 = Release|x86
		{D6D37FC1-1A27-42D8-A01A-80B54D145F6C}.Release|x86.Deploy.0 = Release|x86
		{15A226E3-EB30-49B6-8A28-87E13CBF46F2}.Ad-Hoc|Any CPU.ActiveCfg = Debug|Any CPU
		{15A226E3-EB30-49B6-8A28-87E13CBF46F2}.Ad-Hoc|Any CPU.Build.0 = Debug|Any CPU
		{15A226E3-EB30-49B6-8A28-87E13CBF46F2}.Ad-Hoc|ARM.ActiveCfg = Debug|Any CPU
		{15A226E3-EB30-49B6-8A28-87E13CBF46F2}.Ad-Hoc|ARM.Build.0 = Debug|Any CPU
		{15A226E3-EB30-49B6-8A28-87E13CBF46F2}.Ad-Hoc|iPhone.ActiveCfg = Debug|Any CPU
		{15A226E3-EB30-49B6-8A28-87E13CBF46F2}.Ad-Hoc|iPhone.Build.0 = Debug|Any CPU
		{15A226E3-EB30-49B6-8A28-87E13CBF46F2}.Ad-Hoc|iPhoneSimulator.ActiveCfg = Debug|Any CPU
		{15A226E3-EB30-49B6-8A28-87E13CBF46F2}.Ad-Hoc|iPhoneSimulator.Build.0 = Debug|Any CPU
		{15A226E3-EB30-49B6-8A28-87E13CBF46F2}.Ad-Hoc|x64.ActiveCfg = Debug|Any CPU
		{15A226E3-EB30-49B6-8A28-87E13CBF46F2}.Ad-Hoc|x64.Build.0 = Debug|Any CPU
		{15A226E3-EB30-49B6-8A28-87E13CBF46F2}.Ad-Hoc|x86.ActiveCfg = Debug|Any CPU
		{15A226E3-EB30-49B6-8A28-87E13CBF46F2}.Ad-Hoc|x86.Build.0 = Debug|Any CPU
		{15A226E3-EB30-49B6-8A28-87E13CBF46F2}.AppStore|Any CPU.ActiveCfg = Debug|Any CPU
		{15A226E3-EB30-49B6-8A28-87E13CBF46F2}.AppStore|Any CPU.Build.0 = Debug|Any CPU
		{15A226E3-EB30-49B6-8A28-87E13CBF46F2}.AppStore|ARM.ActiveCfg = Debug|Any CPU
		{15A226E3-EB30-49B6-8A28-87E13CBF46F2}.AppStore|ARM.Build.0 = Debug|Any CPU
		{15A226E3-EB30-49B6-8A28-87E13CBF46F2}.AppStore|iPhone.ActiveCfg = Debug|Any CPU
		{15A226E3-EB30-49B6-8A28-87E13CBF46F2}.AppStore|iPhone.Build.0 = Debug|Any CPU
		{15A226E3-EB30-49B6-8A28-87E13CBF46F2}.AppStore|iPhoneSimulator.ActiveCfg = Debug|Any CPU
		{15A226E3-EB30-49B6-8A28-87E13CBF46F2}.AppStore|iPhoneSimulator.Build.0 = Debug|Any CPU
		{15A226E3-EB30-49B6-8A28-87E13CBF46F2}.AppStore|x64.ActiveCfg = Debug|Any CPU
		{15A226E3-EB30-49B6-8A28-87E13CBF46F2}.AppStore|x64.Build.0 = Debug|Any CPU
		{15A226E3-EB30-49B6-8A28-87E13CBF46F2}.AppStore|x86.ActiveCfg = Debug|Any CPU
		{15A226E3-EB30-49B6-8A28-87E13CBF46F2}.AppStore|x86.Build.0 = Debug|Any CPU
		{15A226E3-EB30-49B6-8A28-87E13CBF46F2}.Debug|Any CPU.ActiveCfg = Debug|Any CPU
		{15A226E3-EB30-49B6-8A28-87E13CBF46F2}.Debug|Any CPU.Build.0 = Debug|Any CPU
		{15A226E3-EB30-49B6-8A28-87E13CBF46F2}.Debug|ARM.ActiveCfg = Debug|Any CPU
		{15A226E3-EB30-49B6-8A28-87E13CBF46F2}.Debug|ARM.Build.0 = Debug|Any CPU
		{15A226E3-EB30-49B6-8A28-87E13CBF46F2}.Debug|iPhone.ActiveCfg = Debug|Any CPU
		{15A226E3-EB30-49B6-8A28-87E13CBF46F2}.Debug|iPhone.Build.0 = Debug|Any CPU
		{15A226E3-EB30-49B6-8A28-87E13CBF46F2}.Debug|iPhoneSimulator.ActiveCfg = Debug|Any CPU
		{15A226E3-EB30-49B6-8A28-87E13CBF46F2}.Debug|iPhoneSimulator.Build.0 = Debug|Any CPU
		{15A226E3-EB30-49B6-8A28-87E13CBF46F2}.Debug|x64.ActiveCfg = Debug|Any CPU
		{15A226E3-EB30-49B6-8A28-87E13CBF46F2}.Debug|x64.Build.0 = Debug|Any CPU
		{15A226E3-EB30-49B6-8A28-87E13CBF46F2}.Debug|x86.ActiveCfg = Debug|Any CPU
		{15A226E3-EB30-49B6-8A28-87E13CBF46F2}.Debug|x86.Build.0 = Debug|Any CPU
		{15A226E3-EB30-49B6-8A28-87E13CBF46F2}.Release|Any CPU.ActiveCfg = Release|Any CPU
		{15A226E3-EB30-49B6-8A28-87E13CBF46F2}.Release|Any CPU.Build.0 = Release|Any CPU
		{15A226E3-EB30-49B6-8A28-87E13CBF46F2}.Release|ARM.ActiveCfg = Release|Any CPU
		{15A226E3-EB30-49B6-8A28-87E13CBF46F2}.Release|ARM.Build.0 = Release|Any CPU
		{15A226E3-EB30-49B6-8A28-87E13CBF46F2}.Release|iPhone.ActiveCfg = Release|Any CPU
		{15A226E3-EB30-49B6-8A28-87E13CBF46F2}.Release|iPhone.Build.0 = Release|Any CPU
		{15A226E3-EB30-49B6-8A28-87E13CBF46F2}.Release|iPhoneSimulator.ActiveCfg = Release|Any CPU
		{15A226E3-EB30-49B6-8A28-87E13CBF46F2}.Release|iPhoneSimulator.Build.0 = Release|Any CPU
		{15A226E3-EB30-49B6-8A28-87E13CBF46F2}.Release|x64.ActiveCfg = Release|Any CPU
		{15A226E3-EB30-49B6-8A28-87E13CBF46F2}.Release|x64.Build.0 = Release|Any CPU
		{15A226E3-EB30-49B6-8A28-87E13CBF46F2}.Release|x86.ActiveCfg = Release|Any CPU
		{15A226E3-EB30-49B6-8A28-87E13CBF46F2}.Release|x86.Build.0 = Release|Any CPU
	EndGlobalSection
	GlobalSection(SolutionProperties) = preSolution
		HideSolutionNode = FALSE
	EndGlobalSection
	GlobalSection(ExtensibilityGlobals) = postSolution
		SolutionGuid = {1C223186-6658-4147-A112-3B3E5ADD5652}
	EndGlobalSection
EndGlobal
